// !$*UTF8*$!
{
	archiveVersion = 1;
	classes = {
	};
	objectVersion = 50;
	objects = {

/* Begin PBXBuildFile section */
		DBED0BF7217F99B400109495 /* AppDelegate.swift in Sources */ = {isa = PBXBuildFile; fileRef = DBED0BF6217F99B400109495 /* AppDelegate.swift */; };
		DBED0BF9217F99B400109495 /* ViewController.swift in Sources */ = {isa = PBXBuildFile; fileRef = DBED0BF8217F99B400109495 /* ViewController.swift */; };
		DBED0BFC217F99B400109495 /* Main.storyboard in Resources */ = {isa = PBXBuildFile; fileRef = DBED0BFA217F99B400109495 /* Main.storyboard */; };
		DBED0BFE217F99B600109495 /* Assets.xcassets in Resources */ = {isa = PBXBuildFile; fileRef = DBED0BFD217F99B600109495 /* Assets.xcassets */; };
		DBED0C01217F99B600109495 /* LaunchScreen.storyboard in Resources */ = {isa = PBXBuildFile; fileRef = DBED0BFF217F99B600109495 /* LaunchScreen.storyboard */; };
/* End PBXBuildFile section */

/* Begin PBXFileReference section */
		DBED0BF3217F99B400109495 /* AlgorithmV.swift.app */ = {isa = PBXFileReference; explicitFileType = wrapper.application; includeInIndex = 0; path = AlgorithmV.swift.app; sourceTree = BUILT_PRODUCTS_DIR; };
		DBED0BF6217F99B400109495 /* AppDelegate.swift */ = {isa = PBXFileReference; lastKnownFileType = sourcecode.swift; path = AppDelegate.swift; sourceTree = "<group>"; };
		DBED0BF8217F99B400109495 /* ViewController.swift */ = {isa = PBXFileReference; lastKnownFileType = sourcecode.swift; path = ViewController.swift; sourceTree = "<group>"; };
		DBED0BFB217F99B400109495 /* Base */ = {isa = PBXFileReference; lastKnownFileType = file.storyboard; name = Base; path = Base.lproj/Main.storyboard; sourceTree = "<group>"; };
		DBED0BFD217F99B600109495 /* Assets.xcassets */ = {isa = PBXFileReference; lastKnownFileType = folder.assetcatalog; path = Assets.xcassets; sourceTree = "<group>"; };
		DBED0C00217F99B600109495 /* Base */ = {isa = PBXFileReference; lastKnownFileType = file.storyboard; name = Base; path = Base.lproj/LaunchScreen.storyboard; sourceTree = "<group>"; };
		DBED0C02217F99B600109495 /* Info.plist */ = {isa = PBXFileReference; lastKnownFileType = text.plist.xml; path = Info.plist; sourceTree = "<group>"; };
/* End PBXFileReference section */

/* Begin PBXFrameworksBuildPhase section */
		DBED0BF0217F99B400109495 /* Frameworks */ = {
			isa = PBXFrameworksBuildPhase;
			buildActionMask = 2147483647;
			files = (
			);
			runOnlyForDeploymentPostprocessing = 0;
		};
/* End PBXFrameworksBuildPhase section */

/* Begin PBXGroup section */
		DBED0BEA217F99B400109495 = {
			isa = PBXGroup;
			children = (
				DBED0BF5217F99B400109495 /* AlgorithmV.swift */,
				DBED0BF4217F99B400109495 /* Products */,
			);
			sourceTree = "<group>";
		};
		DBED0BF4217F99B400109495 /* Products */ = {
			isa = PBXGroup;
			children = (
				DBED0BF3217F99B400109495 /* AlgorithmV.swift.app */,
			);
			name = Products;
			sourceTree = "<group>";
		};
		DBED0BF5217F99B400109495 /* AlgorithmV.swift */ = {
			isa = PBXGroup;
			children = (
				DBED0C08217F99BD00109495 /* Controller */,
				DBED0C0B217F99D800109495 /* View */,
				DBED0C09217F99C500109495 /* Model */,
				DBED0C0A217F99CA00109495 /* Resources */,
			);
			path = AlgorithmV.swift;
			sourceTree = "<group>";
		};
		DBED0C08217F99BD00109495 /* Controller */ = {
			isa = PBXGroup;
			children = (
				DBED0BF8217F99B400109495 /* ViewController.swift */,
			);
			path = Controller;
			sourceTree = "<group>";
		};
		DBED0C09217F99C500109495 /* Model */ = {
			isa = PBXGroup;
			children = (
			);
			path = Model;
			sourceTree = "<group>";
		};
		DBED0C0A217F99CA00109495 /* Resources */ = {
			isa = PBXGroup;
			children = (
				DBED0BFD217F99B600109495 /* Assets.xcassets */,
				DBED0BF6217F99B400109495 /* AppDelegate.swift */,
				DBED0C02217F99B600109495 /* Info.plist */,
			);
			path = Resources;
			sourceTree = "<group>";
		};
		DBED0C0B217F99D800109495 /* View */ = {
			isa = PBXGroup;
			children = (
				DBED0BFA217F99B400109495 /* Main.storyboard */,
				DBED0BFF217F99B600109495 /* LaunchScreen.storyboard */,
			);
			path = View;
			sourceTree = "<group>";
		};
/* End PBXGroup section */

/* Begin PBXNativeTarget section */
		DBED0BF2217F99B400109495 /* AlgorithmV.swift */ = {
			isa = PBXNativeTarget;
			buildConfigurationList = DBED0C05217F99B600109495 /* Build configuration list for PBXNativeTarget "AlgorithmV.swift" */;
			buildPhases = (
				DBED0BEF217F99B400109495 /* Sources */,
				DBED0BF0217F99B400109495 /* Frameworks */,
				DBED0BF1217F99B400109495 /* Resources */,
			);
			buildRules = (
			);
			dependencies = (
			);
			name = AlgorithmV.swift;
			productName = AlgorithmV.swift;
			productReference = DBED0BF3217F99B400109495 /* AlgorithmV.swift.app */;
			productType = "com.apple.product-type.application";
		};
/* End PBXNativeTarget section */

/* Begin PBXProject section */
		DBED0BEB217F99B400109495 /* Project object */ = {
			isa = PBXProject;
			attributes = {
				LastSwiftUpdateCheck = 0940;
				LastUpgradeCheck = 0940;
				ORGANIZATIONNAME = CTEC;
				TargetAttributes = {
					DBED0BF2217F99B400109495 = {
						CreatedOnToolsVersion = 9.4.1;
					};
				};
			};
			buildConfigurationList = DBED0BEE217F99B400109495 /* Build configuration list for PBXProject "AlgorithmV.swift" */;
			compatibilityVersion = "Xcode 9.3";
			developmentRegion = en;
			hasScannedForEncodings = 0;
			knownRegions = (
				en,
				Base,
			);
			mainGroup = DBED0BEA217F99B400109495;
			productRefGroup = DBED0BF4217F99B400109495 /* Products */;
			projectDirPath = "";
			projectRoot = "";
			targets = (
				DBED0BF2217F99B400109495 /* AlgorithmV.swift */,
			);
		};
/* End PBXProject section */

/* Begin PBXResourcesBuildPhase section */
		DBED0BF1217F99B400109495 /* Resources */ = {
			isa = PBXResourcesBuildPhase;
			buildActionMask = 2147483647;
			files = (
				DBED0C01217F99B600109495 /* LaunchScreen.storyboard in Resources */,
				DBED0BFE217F99B600109495 /* Assets.xcassets in Resources */,
				DBED0BFC217F99B400109495 /* Main.storyboard in Resources */,
			);
			runOnlyForDeploymentPostprocessing = 0;
		};
/* End PBXResourcesBuildPhase section */

/* Begin PBXSourcesBuildPhase section */
		DBED0BEF217F99B400109495 /* Sources */ = {
			isa = PBXSourcesBuildPhase;
			buildActionMask = 2147483647;
			files = (
				DBED0BF9217F99B400109495 /* ViewController.swift in Sources */,
				DBED0BF7217F99B400109495 /* AppDelegate.swift in Sources */,
			);
			runOnlyForDeploymentPostprocessing = 0;
		};
/* End PBXSourcesBuildPhase section */

/* Begin PBXVariantGroup section */
		DBED0BFA217F99B400109495 /* Main.storyboard */ = {
			isa = PBXVariantGroup;
			children = (
				DBED0BFB217F99B400109495 /* Base */,
			);
			name = Main.storyboard;
			sourceTree = "<group>";
		};
		DBED0BFF217F99B600109495 /* LaunchScreen.storyboard */ = {
			isa = PBXVariantGroup;
			children = (
				DBED0C00217F99B600109495 /* Base */,
			);
			name = LaunchScreen.storyboard;
			sourceTree = "<group>";
		};
/* End PBXVariantGroup section */

/* Begin XCBuildConfiguration section */
		DBED0C03217F99B600109495 /* Debug */ = {
			isa = XCBuildConfiguration;
			buildSettings = {
				ALWAYS_SEARCH_USER_PATHS = NO;
				CLANG_ANALYZER_NONNULL = YES;
				CLANG_ANALYZER_NUMBER_OBJECT_CONVERSION = YES_AGGRESSIVE;
				CLANG_CXX_LANGUAGE_STANDARD = "gnu++14";
				CLANG_CXX_LIBRARY = "libc++";
				CLANG_ENABLE_MODULES = YES;
				CLANG_ENABLE_OBJC_ARC = YES;
				CLANG_ENABLE_OBJC_WEAK = YES;
				CLANG_WARN_BLOCK_CAPTURE_AUTORELEASING = YES;
				CLANG_WARN_BOOL_CONVERSION = YES;
				CLANG_WARN_COMMA = YES;
				CLANG_WARN_CONSTANT_CONVERSION = YES;
				CLANG_WARN_DEPRECATED_OBJC_IMPLEMENTATIONS = YES;
				CLANG_WARN_DIRECT_OBJC_ISA_USAGE = YES_ERROR;
				CLANG_WARN_DOCUMENTATION_COMMENTS = YES;
				CLANG_WARN_EMPTY_BODY = YES;
				CLANG_WARN_ENUM_CONVERSION = YES;
				CLANG_WARN_INFINITE_RECURSION = YES;
				CLANG_WARN_INT_CONVERSION = YES;
				CLANG_WARN_NON_LITERAL_NULL_CONVERSION = YES;
				CLANG_WARN_OBJC_IMPLICIT_RETAIN_SELF = YES;
				CLANG_WARN_OBJC_LITERAL_CONVERSION = YES;
				CLANG_WARN_OBJC_ROOT_CLASS = YES_ERROR;
				CLANG_WARN_RANGE_LOOP_ANALYSIS = YES;
				CLANG_WARN_STRICT_PROTOTYPES = YES;
				CLANG_WARN_SUSPICIOUS_MOVE = YES;
				CLANG_WARN_UNGUARDED_AVAILABILITY = YES_AGGRESSIVE;
				CLANG_WARN_UNREACHABLE_CODE = YES;
				CLANG_WARN__DUPLICATE_METHOD_MATCH = YES;
				CODE_SIGN_IDENTITY = "iPhone Developer";
				COPY_PHASE_STRIP = NO;
				DEBUG_INFORMATION_FORMAT = dwarf;
				ENABLE_STRICT_OBJC_MSGSEND = YES;
				ENABLE_TESTABILITY = YES;
				GCC_C_LANGUAGE_STANDARD = gnu11;
				GCC_DYNAMIC_NO_PIC = NO;
				GCC_NO_COMMON_BLOCKS = YES;
				GCC_OPTIMIZATION_LEVEL = 0;
				GCC_PREPROCESSOR_DEFINITIONS = (
					"DEBUG=1",
					"$(inherited)",
				);
				GCC_WARN_64_TO_32_BIT_CONVERSION = YES;
				GCC_WARN_ABOUT_RETURN_TYPE = YES_ERROR;
				GCC_WARN_UNDECLARED_SELECTOR = YES;
				GCC_WARN_UNINITIALIZED_AUTOS = YES_AGGRESSIVE;
				GCC_WARN_UNUSED_FUNCTION = YES;
				GCC_WARN_UNUSED_VARIABLE = YES;
				IPHONEOS_DEPLOYMENT_TARGET = 11.4;
				MTL_ENABLE_DEBUG_INFO = YES;
				ONLY_ACTIVE_ARCH = YES;
				SDKROOT = iphoneos;
				SWIFT_ACTIVE_COMPILATION_CONDITIONS = DEBUG;
				SWIFT_OPTIMIZATION_LEVEL = "-Onone";
			};
			name = Debug;
		};
		DBED0C04217F99B600109495 /* Release */ = {
			isa = XCBuildConfiguration;
			buildSettings = {
				ALWAYS_SEARCH_USER_PATHS = NO;
				CLANG_ANALYZER_NONNULL = YES;
				CLANG_ANALYZER_NUMBER_OBJECT_CONVERSION = YES_AGGRESSIVE;
				CLANG_CXX_LANGUAGE_STANDARD = "gnu++14";
				CLANG_CXX_LIBRARY = "libc++";
				CLANG_ENABLE_MODULES = YES;
				CLANG_ENABLE_OBJC_ARC = YES;
				CLANG_ENABLE_OBJC_WEAK = YES;
				CLANG_WARN_BLOCK_CAPTURE_AUTORELEASING = YES;
				CLANG_WARN_BOOL_CONVERSION = YES;
				CLANG_WARN_COMMA = YES;
				CLANG_WARN_CONSTANT_CONVERSION = YES;
				CLANG_WARN_DEPRECATED_OBJC_IMPLEMENTATIONS = YES;
				CLANG_WARN_DIRECT_OBJC_ISA_USAGE = YES_ERROR;
				CLANG_WARN_DOCUMENTATION_COMMENTS = YES;
				CLANG_WARN_EMPTY_BODY = YES;
				CLANG_WARN_ENUM_CONVERSION = YES;
				CLANG_WARN_INFINITE_RECURSION = YES;
				CLANG_WARN_INT_CONVERSION = YES;
				CLANG_WARN_NON_LITERAL_NULL_CONVERSION = YES;
				CLANG_WARN_OBJC_IMPLICIT_RETAIN_SELF = YES;
				CLANG_WARN_OBJC_LITERAL_CONVERSION = YES;
				CLANG_WARN_OBJC_ROOT_CLASS = YES_ERROR;
				CLANG_WARN_RANGE_LOOP_ANALYSIS = YES;
				CLANG_WARN_STRICT_PROTOTYPES = YES;
				CLANG_WARN_SUSPICIOUS_MOVE = YES;
				CLANG_WARN_UNGUARDED_AVAILABILITY = YES_AGGRESSIVE;
				CLANG_WARN_UNREACHABLE_CODE = YES;
				CLANG_WARN__DUPLICATE_METHOD_MATCH = YES;
				CODE_SIGN_IDENTITY = "iPhone Developer";
				COPY_PHASE_STRIP = NO;
				DEBUG_INFORMATION_FORMAT = "dwarf-with-dsym";
				ENABLE_NS_ASSERTIONS = NO;
				ENABLE_STRICT_OBJC_MSGSEND = YES;
				GCC_C_LANGUAGE_STANDARD = gnu11;
				GCC_NO_COMMON_BLOCKS = YES;
				GCC_WARN_64_TO_32_BIT_CONVERSION = YES;
				GCC_WARN_ABOUT_RETURN_TYPE = YES_ERROR;
				GCC_WARN_UNDECLARED_SELECTOR = YES;
				GCC_WARN_UNINITIALIZED_AUTOS = YES_AGGRESSIVE;
				GCC_WARN_UNUSED_FUNCTION = YES;
				GCC_WARN_UNUSED_VARIABLE = YES;
				IPHONEOS_DEPLOYMENT_TARGET = 11.4;
				MTL_ENABLE_DEBUG_INFO = NO;
				SDKROOT = iphoneos;
				SWIFT_COMPILATION_MODE = wholemodule;
				SWIFT_OPTIMIZATION_LEVEL = "-O";
				VALIDATE_PRODUCT = YES;
			};
			name = Release;
		};
		DBED0C06217F99B600109495 /* Debug */ = {
			isa = XCBuildConfiguration;
			buildSettings = {
				ASSETCATALOG_COMPILER_APPICON_NAME = AppIcon;
				CODE_SIGN_STYLE = Automatic;
				INFOPLIST_FILE = "$(SRCROOT)/AlgorithmV.swift/Resources/Info.plist";
				LD_RUNPATH_SEARCH_PATHS = (
					"$(inherited)",
					"@executable_path/Frameworks",
				);
				PRODUCT_BUNDLE_IDENTIFIER = "CTEC.AlgorithmV-swift";
				PRODUCT_NAME = "$(TARGET_NAME)";
				SWIFT_VERSION = 4.0;
				TARGETED_DEVICE_FAMILY = "1,2";
			};
			name = Debug;
		};
		DBED0C07217F99B600109495 /* Release */ = {
			isa = XCBuildConfiguration;
			buildSettings = {
				ASSETCATALOG_COMPILER_APPICON_NAME = AppIcon;
				CODE_SIGN_STYLE = Automatic;
				INFOPLIST_FILE = "$(SRCROOT)/AlgorithmV.swift/Resources/Info.plist";
				LD_RUNPATH_SEARCH_PATHS = (
					"$(inherited)",
					"@executable_path/Frameworks",
				);
				PRODUCT_BUNDLE_IDENTIFIER = "CTEC.AlgorithmV-swift";
				PRODUCT_NAME = "$(TARGET_NAME)";
				SWIFT_VERSION = 4.0;
				TARGETED_DEVICE_FAMILY = "1,2";
			};
			name = Release;
		};
/* End XCBuildConfiguration section */

/* Begin XCConfigurationList section */
		DBED0BEE217F99B400109495 /* Build configuration list for PBXProject "AlgorithmV.swift" */ = {
			isa = XCConfigurationList;
			buildConfigurations = (
				DBED0C03217F99B600109495 /* Debug */,
				DBED0C04217F99B600109495 /* Release */,
			);
			defaultConfigurationIsVisible = 0;
			defaultConfigurationName = Release;
		};
		DBED0C05217F99B600109495 /* Build configuration list for PBXNativeTarget "AlgorithmV.swift" */ = {
			isa = XCConfigurationList;
			buildConfigurations = (
				DBED0C06217F99B600109495 /* Debug */,
				DBED0C07217F99B600109495 /* Release */,
			);
			defaultConfigurationIsVisible = 0;
			defaultConfigurationName = Release;
		};
/* End XCConfigurationList section */
	};
	rootObject = DBED0BEB217F99B400109495 /* Project object */;
}
